
Microsoft Visual Studio Solution File, Format Version 12.00
# Visual Studio Version 16
VisualStudioVersion = 16.0.31729.503
MinimumVisualStudioVersion = 10.0.40219.1
Project("{FAE04EC0-301F-11D3-BF4B-00C04F79EFBC}") = "Server", "Server\Server.csproj", "{9F5520BC-410F-4D35-9213-E4601C082B22}"
EndProject
Global
	GlobalSection(SolutionConfigurationPlatforms) = preSolution
		Debug|Any CPU = Debug|Any CPU
		Release|Any CPU = Release|Any CPU
	EndGlobalSection
	GlobalSection(ProjectConfigurationPlatforms) = postSolution
		{9F5520BC-410F-4D35-9213-E4601C082B22}.Debug|Any CPU.ActiveCfg = Debug|Any CPU
		{9F5520BC-410F-4D35-9213-E4601C082B22}.Debug|Any CPU.Build.0 = Debug|Any CPU
		{9F5520BC-410F-4D35-9213-E4601C082B22}.Release|Any CPU.ActiveCfg = Release|Any CPU
		{9F5520BC-410F-4D35-9213-E4601C082B22}.Release|Any CPU.Build.0 = Release|Any CPU
	EndGlobalSection
	GlobalSection(SolutionProperties) = preSolution
		HideSolutionNode = FALSE
	EndGlobalSection
	GlobalSection(ExtensibilityGlobals) = postSolution
		SolutionGuid = {3027AB28-F7D0-4FE4-B264-C01D47B55176}
	EndGlobalSection
EndGlobal
